// !$*UTF8*$!
{
	archiveVersion = 1;
	classes = {
	};
	objectVersion = 46;
	objects = {

/* Begin PBXBuildFile section */
		833E7DF11E4B5E8C00767189 /* AppDelegate.swift in Sources */ = {isa = PBXBuildFile; fileRef = 833E7DF01E4B5E8C00767189 /* AppDelegate.swift */; };
		833E7DF31E4B5E8C00767189 /* ViewController.swift in Sources */ = {isa = PBXBuildFile; fileRef = 833E7DF21E4B5E8C00767189 /* ViewController.swift */; };
		833E7DF61E4B5E8C00767189 /* Main.storyboard in Resources */ = {isa = PBXBuildFile; fileRef = 833E7DF41E4B5E8C00767189 /* Main.storyboard */; };
		833E7DF81E4B5E8C00767189 /* Assets.xcassets in Resources */ = {isa = PBXBuildFile; fileRef = 833E7DF71E4B5E8C00767189 /* Assets.xcassets */; };
		833E7DFB1E4B5E8C00767189 /* LaunchScreen.storyboard in Resources */ = {isa = PBXBuildFile; fileRef = 833E7DF91E4B5E8C00767189 /* LaunchScreen.storyboard */; };
/* End PBXBuildFile section */

/* Begin PBXFileReference section */
		833E7DED1E4B5E8C00767189 /* EjemploWebView.app */ = {isa = PBXFileReference; explicitFileType = wrapper.application; includeInIndex = 0; path = EjemploWebView.app; sourceTree = BUILT_PRODUCTS_DIR; };
		833E7DF01E4B5E8C00767189 /* AppDelegate.swift */ = {isa = PBXFileReference; lastKnownFileType = sourcecode.swift; path = AppDelegate.swift; sourceTree = "<group>"; };
		833E7DF21E4B5E8C00767189 /* ViewController.swift */ = {isa = PBXFileReference; lastKnownFileType = sourcecode.swift; path = ViewController.swift; sourceTree = "<group>"; };
		833E7DF51E4B5E8C00767189 /* Base */ = {isa = PBXFileReference; lastKnownFileType = file.storyboard; name = Base; path = Base.lproj/Main.storyboard; sourceTree = "<group>"; };
		833E7DF71E4B5E8C00767189 /* Assets.xcassets */ = {isa = PBXFileReference; lastKnownFileType = folder.assetcatalog; path = Assets.xcassets; sourceTree = "<group>"; };
		833E7DFA1E4B5E8C00767189 /* Base */ = {isa = PBXFileReference; lastKnownFileType = file.storyboard; name = Base; path = Base.lproj/LaunchScreen.storyboard; sourceTree = "<group>"; };
		833E7DFC1E4B5E8C00767189 /* Info.plist */ = {isa = PBXFileReference; lastKnownFileType = text.plist.xml; path = Info.plist; sourceTree = "<group>"; };
/* End PBXFileReference section */

/* Begin PBXFrameworksBuildPhase section */
		833E7DEA1E4B5E8B00767189 /* Frameworks */ = {
			isa = PBXFrameworksBuildPhase;
			buildActionMask = 2147483647;
			files = (
			);
			runOnlyForDeploymentPostprocessing = 0;
		};
/* End PBXFrameworksBuildPhase section */

/* Begin PBXGroup section */
		833E7DE41E4B5E8B00767189 = {
			isa = PBXGroup;
			children = (
				833E7DEF1E4B5E8C00767189 /* EjemploWebView */,
				833E7DEE1E4B5E8C00767189 /* Products */,
			);
			sourceTree = "<group>";
		};
		833E7DEE1E4B5E8C00767189 /* Products */ = {
			isa = PBXGroup;
			children = (
				833E7DED1E4B5E8C00767189 /* EjemploWebView.app */,
			);
			name = Products;
			sourceTree = "<group>";
		};
		833E7DEF1E4B5E8C00767189 /* EjemploWebView */ = {
			isa = PBXGroup;
			children = (
				833E7DF01E4B5E8C00767189 /* AppDelegate.swift */,
				833E7DF21E4B5E8C00767189 /* ViewController.swift */,
				833E7DF41E4B5E8C00767189 /* Main.storyboard */,
				833E7DF71E4B5E8C00767189 /* Assets.xcassets */,
				833E7DF91E4B5E8C00767189 /* LaunchScreen.storyboard */,
				833E7DFC1E4B5E8C00767189 /* Info.plist */,
			);
			path = EjemploWebView;
			sourceTree = "<group>";
		};
/* End PBXGroup section */

/* Begin PBXNativeTarget section */
		833E7DEC1E4B5E8B00767189 /* EjemploWebView */ = {
			isa = PBXNativeTarget;
			buildConfigurationList = 833E7DFF1E4B5E8C00767189 /* Build configuration list for PBXNativeTarget "EjemploWebView" */;
			buildPhases = (
				833E7DE91E4B5E8B00767189 /* Sources */,
				833E7DEA1E4B5E8B00767189 /* Frameworks */,
				833E7DEB1E4B5E8B00767189 /* Resources */,
			);
			buildRules = (
			);
			dependencies = (
			);
			name = EjemploWebView;
			productName = EjemploWebView;
			productReference = 833E7DED1E4B5E8C00767189 /* EjemploWebView.app */;
			productType = "com.apple.product-type.application";
		};
/* End PBXNativeTarget section */

/* Begin PBXProject section */
		833E7DE51E4B5E8B00767189 /* Project object */ = {
			isa = PBXProject;
			attributes = {
				LastSwiftUpdateCheck = 0800;
				LastUpgradeCheck = 0800;
				ORGANIZATIONNAME = administrador;
				TargetAttributes = {
					833E7DEC1E4B5E8B00767189 = {
						CreatedOnToolsVersion = 8.0;
						ProvisioningStyle = Automatic;
					};
				};
			};
			buildConfigurationList = 833E7DE81E4B5E8B00767189 /* Build configuration list for PBXProject "EjemploWebView" */;
			compatibilityVersion = "Xcode 3.2";
			developmentRegion = English;
			hasScannedForEncodings = 0;
			knownRegions = (
				en,
				Base,
			);
			mainGroup = 833E7DE41E4B5E8B00767189;
			productRefGroup = 833E7DEE1E4B5E8C00767189 /* Products */;
			projectDirPath = "";
			projectRoot = "";
			targets = (
				833E7DEC1E4B5E8B00767189 /* EjemploWebView */,
			);
		};
/* End PBXProject section */

/* Begin PBXResourcesBuildPhase section */
		833E7DEB1E4B5E8B00767189 /* Resources */ = {
			isa = PBXResourcesBuildPhase;
			buildActionMask = 2147483647;
			files = (
				833E7DFB1E4B5E8C00767189 /* LaunchScreen.storyboard in Resources */,
				833E7DF81E4B5E8C00767189 /* Assets.xcassets in Resources */,
				833E7DF61E4B5E8C00767189 /* Main.storyboard in Resources */,
			);
			runOnlyForDeploymentPostprocessing = 0;
		};
/* End PBXResourcesBuildPhase section */

/* Begin PBXSourcesBuildPhase section */
		833E7DE91E4B5E8B00767189 /* Sources */ = {
			isa = PBXSourcesBuildPhase;
			buildActionMask = 2147483647;
			files = (
				833E7DF31E4B5E8C00767189 /* ViewController.swift in Sources */,
				833E7DF11E4B5E8C00767189 /* AppDelegate.swift in Sources */,
			);
			runOnlyForDeploymentPostprocessing = 0;
		};
/* End PBXSourcesBuildPhase section */

/* Begin PBXVariantGroup section */
		833E7DF41E4B5E8C00767189 /* Main.storyboard */ = {
			isa = PBXVariantGroup;
			children = (
				833E7DF51E4B5E8C00767189 /* Base */,
			);
			name = Main.storyboard;
			sourceTree = "<group>";
		};
		833E7DF91E4B5E8C00767189 /* LaunchScreen.storyboard */ = {
			isa = PBXVariantGroup;
			children = (
				833E7DFA1E4B5E8C00767189 /* Base */,
			);
			name = LaunchScreen.storyboard;
			sourceTree = "<group>";
		};
/* End PBXVariantGroup section */

/* Begin XCBuildConfiguration section */
		833E7DFD1E4B5E8C00767189 /* Debug */ = {
			isa = XCBuildConfiguration;
			buildSettings = {
				ALWAYS_SEARCH_USER_PATHS = NO;
				CLANG_ANALYZER_NONNULL = YES;
				CLANG_CXX_LANGUAGE_STANDARD = "gnu++0x";
				CLANG_CXX_LIBRARY = "libc++";
				CLANG_ENABLE_MODULES = YES;
				CLANG_ENABLE_OBJC_ARC = YES;
				CLANG_WARN_BOOL_CONVERSION = YES;
				CLANG_WARN_CONSTANT_CONVERSION = YES;
				CLANG_WARN_DIRECT_OBJC_ISA_USAGE = YES_ERROR;
				CLANG_WARN_DOCUMENTATION_COMMENTS = YES;
				CLANG_WARN_EMPTY_BODY = YES;
				CLANG_WARN_ENUM_CONVERSION = YES;
				CLANG_WARN_INFINITE_RECURSION = YES;
				CLANG_WARN_INT_CONVERSION = YES;
				CLANG_WARN_OBJC_ROOT_CLASS = YES_ERROR;
				CLANG_WARN_SUSPICIOUS_MOVES = YES;
				CLANG_WARN_UNREACHABLE_CODE = YES;
				CLANG_WARN__DUPLICATE_METHOD_MATCH = YES;
				"CODE_SIGN_IDENTITY[sdk=iphoneos*]" = "iPhone Developer";
				COPY_PHASE_STRIP = NO;
				DEBUG_INFORMATION_FORMAT = dwarf;
				ENABLE_STRICT_OBJC_MSGSEND = YES;
				ENABLE_TESTABILITY = YES;
				GCC_C_LANGUAGE_STANDARD = gnu99;
				GCC_DYNAMIC_NO_PIC = NO;
				GCC_NO_COMMON_BLOCKS = YES;
				GCC_OPTIMIZATION_LEVEL = 0;
				GCC_PREPROCESSOR_DEFINITIONS = (
					"DEBUG=1",
					"$(inherited)",
				);
				GCC_WARN_64_TO_32_BIT_CONVERSION = YES;
				GCC_WARN_ABOUT_RETURN_TYPE = YES_ERROR;
				GCC_WARN_UNDECLARED_SELECTOR = YES;
				GCC_WARN_UNINITIALIZED_AUTOS = YES_AGGRESSIVE;
				GCC_WARN_UNUSED_FUNCTION = YES;
				GCC_WARN_UNUSED_VARIABLE = YES;
				IPHONEOS_DEPLOYMENT_TARGET = 10.0;
				MTL_ENABLE_DEBUG_INFO = YES;
				ONLY_ACTIVE_ARCH = YES;
				SDKROOT = iphoneos;
				SWIFT_ACTIVE_COMPILATION_CONDITIONS = DEBUG;
				SWIFT_OPTIMIZATION_LEVEL = "-Onone";
				TARGETED_DEVICE_FAMILY = "1,2";
			};
			name = Debug;
		};
		833E7DFE1E4B5E8C00767189 /* Release */ = {
			isa = XCBuildConfiguration;
			buildSettings = {
				ALWAYS_SEARCH_USER_PATHS = NO;
				CLANG_ANALYZER_NONNULL = YES;
				CLANG_CXX_LANGUAGE_STANDARD = "gnu++0x";
				CLANG_CXX_LIBRARY = "libc++";
				CLANG_ENABLE_MODULES = YES;
				CLANG_ENABLE_OBJC_ARC = YES;
				CLANG_WARN_BOOL_CONVERSION = YES;
				CLANG_WARN_CONSTANT_CONVERSION = YES;
				CLANG_WARN_DIRECT_OBJC_ISA_USAGE = YES_ERROR;
				CLANG_WARN_DOCUMENTATION_COMMENTS = YES;
				CLANG_WARN_EMPTY_BODY = YES;
				CLANG_WARN_ENUM_CONVERSION = YES;
				CLANG_WARN_INFINITE_RECURSION = YES;
				CLANG_WARN_INT_CONVERSION = YES;
				CLANG_WARN_OBJC_ROOT_CLASS = YES_ERROR;
				CLANG_WARN_SUSPICIOUS_MOVES = YES;
				CLANG_WARN_UNREACHABLE_CODE = YES;
				CLANG_WARN__DUPLICATE_METHOD_MATCH = YES;
				"CODE_SIGN_IDENTITY[sdk=iphoneos*]" = "iPhone Developer";
				COPY_PHASE_STRIP = NO;
				DEBUG_INFORMATION_FORMAT = "dwarf-with-dsym";
				ENABLE_NS_ASSERTIONS = NO;
				ENABLE_STRICT_OBJC_MSGSEND = YES;
				GCC_C_LANGUAGE_STANDARD = gnu99;
				GCC_NO_COMMON_BLOCKS = YES;
				GCC_WARN_64_TO_32_BIT_CONVERSION = YES;
				GCC_WARN_ABOUT_RETURN_TYPE = YES_ERROR;
				GCC_WARN_UNDECLARED_SELECTOR = YES;
				GCC_WARN_UNINITIALIZED_AUTOS = YES_AGGRESSIVE;
				GCC_WARN_UNUSED_FUNCTION = YES;
				GCC_WARN_UNUSED_VARIABLE = YES;
				IPHONEOS_DEPLOYMENT_TARGET = 10.0;
				MTL_ENABLE_DEBUG_INFO = NO;
				SDKROOT = iphoneos;
				SWIFT_OPTIMIZATION_LEVEL = "-Owholemodule";
				TARGETED_DEVICE_FAMILY = "1,2";
				VALIDATE_PRODUCT = YES;
			};
			name = Release;
		};
		833E7E001E4B5E8C00767189 /* Debug */ = {
			isa = XCBuildConfiguration;
			buildSettings = {
				ASSETCATALOG_COMPILER_APPICON_NAME = AppIcon;
				INFOPLIST_FILE = EjemploWebView/Info.plist;
				LD_RUNPATH_SEARCH_PATHS = "$(inherited) @executable_path/Frameworks";
				PRODUCT_BUNDLE_IDENTIFIER = JorgeCisneros.Cetys.EjemploWebView;
				PRODUCT_NAME = "$(TARGET_NAME)";
				SWIFT_VERSION = 3.0;
			};
			name = Debug;
		};
		833E7E011E4B5E8C00767189 /* Release */ = {
			isa = XCBuildConfiguration;
			buildSettings = {
				ASSETCATALOG_COMPILER_APPICON_NAME = AppIcon;
				INFOPLIST_FILE = EjemploWebView/Info.plist;
				LD_RUNPATH_SEARCH_PATHS = "$(inherited) @executable_path/Frameworks";
				PRODUCT_BUNDLE_IDENTIFIER = JorgeCisneros.Cetys.EjemploWebView;
				PRODUCT_NAME = "$(TARGET_NAME)";
				SWIFT_VERSION = 3.0;
			};
			name = Release;
		};
/* End XCBuildConfiguration section */

/* Begin XCConfigurationList section */
		833E7DE81E4B5E8B00767189 /* Build configuration list for PBXProject "EjemploWebView" */ = {
			isa = XCConfigurationList;
			buildConfigurations = (
				833E7DFD1E4B5E8C00767189 /* Debug */,
				833E7DFE1E4B5E8C00767189 /* Release */,
			);
			defaultConfigurationIsVisible = 0;
			defaultConfigurationName = Release;
		};
		833E7DFF1E4B5E8C00767189 /* Build configuration list for PBXNativeTarget "EjemploWebView" */ = {
			isa = XCConfigurationList;
			buildConfigurations = (
				833E7E001E4B5E8C00767189 /* Debug */,
				833E7E011E4B5E8C00767189 /* Release */,
			);
			defaultConfigurationIsVisible = 0;
		};
/* End XCConfigurationList section */
	};
	rootObject = 833E7DE51E4B5E8B00767189 /* Project object */;
}
